// !$*UTF8*$!
{
	archiveVersion = 1;
	classes = {
	};
	objectVersion = 50;
	objects = {

/* Begin PBXBuildFile section */
		55389B05235AA926001D41ED /* AppDelegate.swift in Sources */ = {isa = PBXBuildFile; fileRef = 55389B04235AA926001D41ED /* AppDelegate.swift */; };
		55389B07235AA926001D41ED /* SceneDelegate.swift in Sources */ = {isa = PBXBuildFile; fileRef = 55389B06235AA926001D41ED /* SceneDelegate.swift */; };
		55389B09235AA926001D41ED /* ContentView.swift in Sources */ = {isa = PBXBuildFile; fileRef = 55389B08235AA926001D41ED /* ContentView.swift */; };
		55389B0B235AA928001D41ED /* Assets.xcassets in Resources */ = {isa = PBXBuildFile; fileRef = 55389B0A235AA928001D41ED /* Assets.xcassets */; };
		55389B0E235AA928001D41ED /* Preview Assets.xcassets in Resources */ = {isa = PBXBuildFile; fileRef = 55389B0D235AA928001D41ED /* Preview Assets.xcassets */; };
		55389B11235AA928001D41ED /* LaunchScreen.storyboard in Resources */ = {isa = PBXBuildFile; fileRef = 55389B0F235AA928001D41ED /* LaunchScreen.storyboard */; };
		55389B1C235AA928001D41ED /* tripdeerTests.swift in Sources */ = {isa = PBXBuildFile; fileRef = 55389B1B235AA928001D41ED /* tripdeerTests.swift */; };
		55389B27235AA928001D41ED /* tripdeerUITests.swift in Sources */ = {isa = PBXBuildFile; fileRef = 55389B26235AA928001D41ED /* tripdeerUITests.swift */; };
		55389B36235BED5D001D41ED /* Header.swift in Sources */ = {isa = PBXBuildFile; fileRef = 55389B35235BED5D001D41ED /* Header.swift */; };
		55389B38235BF407001D41ED /* MyTrip.swift in Sources */ = {isa = PBXBuildFile; fileRef = 55389B37235BF407001D41ED /* MyTrip.swift */; };
		55389B3A23649AD4001D41ED /* Popular.swift in Sources */ = {isa = PBXBuildFile; fileRef = 55389B3923649AD4001D41ED /* Popular.swift */; };
		55389B3D23653CED001D41ED /* Title.swift in Sources */ = {isa = PBXBuildFile; fileRef = 55389B3C23653CED001D41ED /* Title.swift */; };
		559BD63F23654AA7009BF997 /* header.jpeg in Resources */ = {isa = PBXBuildFile; fileRef = 559BD63E23654AA7009BF997 /* header.jpeg */; };
/* End PBXBuildFile section */

/* Begin PBXContainerItemProxy section */
		55389B18235AA928001D41ED /* PBXContainerItemProxy */ = {
			isa = PBXContainerItemProxy;
			containerPortal = 55389AF9235AA926001D41ED /* Project object */;
			proxyType = 1;
			remoteGlobalIDString = 55389B00235AA926001D41ED;
			remoteInfo = tripdeer;
		};
		55389B23235AA928001D41ED /* PBXContainerItemProxy */ = {
			isa = PBXContainerItemProxy;
			containerPortal = 55389AF9235AA926001D41ED /* Project object */;
			proxyType = 1;
			remoteGlobalIDString = 55389B00235AA926001D41ED;
			remoteInfo = tripdeer;
		};
/* End PBXContainerItemProxy section */

/* Begin PBXFileReference section */
		55389B01235AA926001D41ED /* tripdeer.app */ = {isa = PBXFileReference; explicitFileType = wrapper.application; includeInIndex = 0; path = tripdeer.app; sourceTree = BUILT_PRODUCTS_DIR; };
		55389B04235AA926001D41ED /* AppDelegate.swift */ = {isa = PBXFileReference; lastKnownFileType = sourcecode.swift; path = AppDelegate.swift; sourceTree = "<group>"; };
		55389B06235AA926001D41ED /* SceneDelegate.swift */ = {isa = PBXFileReference; lastKnownFileType = sourcecode.swift; path = SceneDelegate.swift; sourceTree = "<group>"; };
		55389B08235AA926001D41ED /* ContentView.swift */ = {isa = PBXFileReference; lastKnownFileType = sourcecode.swift; path = ContentView.swift; sourceTree = "<group>"; };
		55389B0A235AA928001D41ED /* Assets.xcassets */ = {isa = PBXFileReference; lastKnownFileType = folder.assetcatalog; path = Assets.xcassets; sourceTree = "<group>"; };
		55389B0D235AA928001D41ED /* Preview Assets.xcassets */ = {isa = PBXFileReference; lastKnownFileType = folder.assetcatalog; path = "Preview Assets.xcassets"; sourceTree = "<group>"; };
		55389B10235AA928001D41ED /* Base */ = {isa = PBXFileReference; lastKnownFileType = file.storyboard; name = Base; path = Base.lproj/LaunchScreen.storyboard; sourceTree = "<group>"; };
		55389B12235AA928001D41ED /* Info.plist */ = {isa = PBXFileReference; lastKnownFileType = text.plist.xml; path = Info.plist; sourceTree = "<group>"; };
		55389B17235AA928001D41ED /* tripdeerTests.xctest */ = {isa = PBXFileReference; explicitFileType = wrapper.cfbundle; includeInIndex = 0; path = tripdeerTests.xctest; sourceTree = BUILT_PRODUCTS_DIR; };
		55389B1B235AA928001D41ED /* tripdeerTests.swift */ = {isa = PBXFileReference; lastKnownFileType = sourcecode.swift; path = tripdeerTests.swift; sourceTree = "<group>"; };
		55389B1D235AA928001D41ED /* Info.plist */ = {isa = PBXFileReference; lastKnownFileType = text.plist.xml; path = Info.plist; sourceTree = "<group>"; };
		55389B22235AA928001D41ED /* tripdeerUITests.xctest */ = {isa = PBXFileReference; explicitFileType = wrapper.cfbundle; includeInIndex = 0; path = tripdeerUITests.xctest; sourceTree = BUILT_PRODUCTS_DIR; };
		55389B26235AA928001D41ED /* tripdeerUITests.swift */ = {isa = PBXFileReference; lastKnownFileType = sourcecode.swift; path = tripdeerUITests.swift; sourceTree = "<group>"; };
		55389B28235AA928001D41ED /* Info.plist */ = {isa = PBXFileReference; lastKnownFileType = text.plist.xml; path = Info.plist; sourceTree = "<group>"; };
		55389B35235BED5D001D41ED /* Header.swift */ = {isa = PBXFileReference; lastKnownFileType = sourcecode.swift; path = Header.swift; sourceTree = "<group>"; };
		55389B37235BF407001D41ED /* MyTrip.swift */ = {isa = PBXFileReference; lastKnownFileType = sourcecode.swift; path = MyTrip.swift; sourceTree = "<group>"; };
		55389B3923649AD4001D41ED /* Popular.swift */ = {isa = PBXFileReference; lastKnownFileType = sourcecode.swift; path = Popular.swift; sourceTree = "<group>"; };
		55389B3C23653CED001D41ED /* Title.swift */ = {isa = PBXFileReference; lastKnownFileType = sourcecode.swift; path = Title.swift; sourceTree = "<group>"; };
		559BD63E23654AA7009BF997 /* header.jpeg */ = {isa = PBXFileReference; lastKnownFileType = image.jpeg; path = header.jpeg; sourceTree = "<group>"; };
/* End PBXFileReference section */

/* Begin PBXFrameworksBuildPhase section */
		55389AFE235AA926001D41ED /* Frameworks */ = {
			isa = PBXFrameworksBuildPhase;
			buildActionMask = 2147483647;
			files = (
			);
			runOnlyForDeploymentPostprocessing = 0;
		};
		55389B14235AA928001D41ED /* Frameworks */ = {
			isa = PBXFrameworksBuildPhase;
			buildActionMask = 2147483647;
			files = (
			);
			runOnlyForDeploymentPostprocessing = 0;
		};
		55389B1F235AA928001D41ED /* Frameworks */ = {
			isa = PBXFrameworksBuildPhase;
			buildActionMask = 2147483647;
			files = (
			);
			runOnlyForDeploymentPostprocessing = 0;
		};
/* End PBXFrameworksBuildPhase section */

/* Begin PBXGroup section */
		55389AF8235AA926001D41ED = {
			isa = PBXGroup;
			children = (
				55389B03235AA926001D41ED /* tripdeer */,
				55389B1A235AA928001D41ED /* tripdeerTests */,
				55389B25235AA928001D41ED /* tripdeerUITests */,
				55389B02235AA926001D41ED /* Products */,
			);
			sourceTree = "<group>";
		};
		55389B02235AA926001D41ED /* Products */ = {
			isa = PBXGroup;
			children = (
				55389B01235AA926001D41ED /* tripdeer.app */,
				55389B17235AA928001D41ED /* tripdeerTests.xctest */,
				55389B22235AA928001D41ED /* tripdeerUITests.xctest */,
			);
			name = Products;
			sourceTree = "<group>";
		};
		55389B03235AA926001D41ED /* tripdeer */ = {
			isa = PBXGroup;
			children = (
				55389B4023654A23001D41ED /* assets */,
				55389B34235BED0D001D41ED /* view */,
				55389B04235AA926001D41ED /* AppDelegate.swift */,
				55389B06235AA926001D41ED /* SceneDelegate.swift */,
				55389B0A235AA928001D41ED /* Assets.xcassets */,
				559BD63E23654AA7009BF997 /* header.jpeg */,
				55389B0F235AA928001D41ED /* LaunchScreen.storyboard */,
				55389B12235AA928001D41ED /* Info.plist */,
				55389B0C235AA928001D41ED /* Preview Content */,
			);
			path = tripdeer;
			sourceTree = "<group>";
		};
		55389B0C235AA928001D41ED /* Preview Content */ = {
			isa = PBXGroup;
			children = (
				55389B0D235AA928001D41ED /* Preview Assets.xcassets */,
			);
			path = "Preview Content";
			sourceTree = "<group>";
		};
		55389B1A235AA928001D41ED /* tripdeerTests */ = {
			isa = PBXGroup;
			children = (
				55389B1B235AA928001D41ED /* tripdeerTests.swift */,
				55389B1D235AA928001D41ED /* Info.plist */,
			);
			path = tripdeerTests;
			sourceTree = "<group>";
		};
		55389B25235AA928001D41ED /* tripdeerUITests */ = {
			isa = PBXGroup;
			children = (
				55389B26235AA928001D41ED /* tripdeerUITests.swift */,
				55389B28235AA928001D41ED /* Info.plist */,
			);
			path = tripdeerUITests;
			sourceTree = "<group>";
		};
		55389B34235BED0D001D41ED /* view */ = {
			isa = PBXGroup;
			children = (
				55389B3B23653CDB001D41ED /* components */,
				55389B08235AA926001D41ED /* ContentView.swift */,
				55389B35235BED5D001D41ED /* Header.swift */,
				55389B37235BF407001D41ED /* MyTrip.swift */,
				55389B3923649AD4001D41ED /* Popular.swift */,
			);
			path = view;
			sourceTree = "<group>";
		};
		55389B3B23653CDB001D41ED /* components */ = {
			isa = PBXGroup;
			children = (
				55389B3C23653CED001D41ED /* Title.swift */,
			);
			path = components;
			sourceTree = "<group>";
		};
		55389B4023654A23001D41ED /* assets */ = {
			isa = PBXGroup;
			children = (
			);
			path = assets;
			sourceTree = "<group>";
		};
/* End PBXGroup section */

/* Begin PBXNativeTarget section */
		55389B00235AA926001D41ED /* tripdeer */ = {
			isa = PBXNativeTarget;
			buildConfigurationList = 55389B2B235AA928001D41ED /* Build configuration list for PBXNativeTarget "tripdeer" */;
			buildPhases = (
				55389AFD235AA926001D41ED /* Sources */,
				55389AFE235AA926001D41ED /* Frameworks */,
				55389AFF235AA926001D41ED /* Resources */,
			);
			buildRules = (
			);
			dependencies = (
			);
			name = tripdeer;
			productName = tripdeer;
			productReference = 55389B01235AA926001D41ED /* tripdeer.app */;
			productType = "com.apple.product-type.application";
		};
		55389B16235AA928001D41ED /* tripdeerTests */ = {
			isa = PBXNativeTarget;
			buildConfigurationList = 55389B2E235AA928001D41ED /* Build configuration list for PBXNativeTarget "tripdeerTests" */;
			buildPhases = (
				55389B13235AA928001D41ED /* Sources */,
				55389B14235AA928001D41ED /* Frameworks */,
				55389B15235AA928001D41ED /* Resources */,
			);
			buildRules = (
			);
			dependencies = (
				55389B19235AA928001D41ED /* PBXTargetDependency */,
			);
			name = tripdeerTests;
			productName = tripdeerTests;
			productReference = 55389B17235AA928001D41ED /* tripdeerTests.xctest */;
			productType = "com.apple.product-type.bundle.unit-test";
		};
		55389B21235AA928001D41ED /* tripdeerUITests */ = {
			isa = PBXNativeTarget;
			buildConfigurationList = 55389B31235AA928001D41ED /* Build configuration list for PBXNativeTarget "tripdeerUITests" */;
			buildPhases = (
				55389B1E235AA928001D41ED /* Sources */,
				55389B1F235AA928001D41ED /* Frameworks */,
				55389B20235AA928001D41ED /* Resources */,
			);
			buildRules = (
			);
			dependencies = (
				55389B24235AA928001D41ED /* PBXTargetDependency */,
			);
			name = tripdeerUITests;
			productName = tripdeerUITests;
			productReference = 55389B22235AA928001D41ED /* tripdeerUITests.xctest */;
			productType = "com.apple.product-type.bundle.ui-testing";
		};
/* End PBXNativeTarget section */

/* Begin PBXProject section */
		55389AF9235AA926001D41ED /* Project object */ = {
			isa = PBXProject;
			attributes = {
				LastSwiftUpdateCheck = 1110;
				LastUpgradeCheck = 1110;
				ORGANIZATIONNAME = "Max Li";
				TargetAttributes = {
					55389B00235AA926001D41ED = {
						CreatedOnToolsVersion = 11.1;
					};
					55389B16235AA928001D41ED = {
						CreatedOnToolsVersion = 11.1;
						TestTargetID = 55389B00235AA926001D41ED;
					};
					55389B21235AA928001D41ED = {
						CreatedOnToolsVersion = 11.1;
						TestTargetID = 55389B00235AA926001D41ED;
					};
				};
			};
			buildConfigurationList = 55389AFC235AA926001D41ED /* Build configuration list for PBXProject "tripdeer" */;
			compatibilityVersion = "Xcode 9.3";
			developmentRegion = en;
			hasScannedForEncodings = 0;
			knownRegions = (
				en,
				Base,
			);
			mainGroup = 55389AF8235AA926001D41ED;
			productRefGroup = 55389B02235AA926001D41ED /* Products */;
			projectDirPath = "";
			projectRoot = "";
			targets = (
				55389B00235AA926001D41ED /* tripdeer */,
				55389B16235AA928001D41ED /* tripdeerTests */,
				55389B21235AA928001D41ED /* tripdeerUITests */,
			);
		};
/* End PBXProject section */

/* Begin PBXResourcesBuildPhase section */
		55389AFF235AA926001D41ED /* Resources */ = {
			isa = PBXResourcesBuildPhase;
			buildActionMask = 2147483647;
			files = (
				559BD63F23654AA7009BF997 /* header.jpeg in Resources */,
				55389B11235AA928001D41ED /* LaunchScreen.storyboard in Resources */,
				55389B0E235AA928001D41ED /* Preview Assets.xcassets in Resources */,
				55389B0B235AA928001D41ED /* Assets.xcassets in Resources */,
			);
			runOnlyForDeploymentPostprocessing = 0;
		};
		55389B15235AA928001D41ED /* Resources */ = {
			isa = PBXResourcesBuildPhase;
			buildActionMask = 2147483647;
			files = (
			);
			runOnlyForDeploymentPostprocessing = 0;
		};
		55389B20235AA928001D41ED /* Resources */ = {
			isa = PBXResourcesBuildPhase;
			buildActionMask = 2147483647;
			files = (
			);
			runOnlyForDeploymentPostprocessing = 0;
		};
/* End PBXResourcesBuildPhase section */

/* Begin PBXSourcesBuildPhase section */
		55389AFD235AA926001D41ED /* Sources */ = {
			isa = PBXSourcesBuildPhase;
			buildActionMask = 2147483647;
			files = (
				55389B36235BED5D001D41ED /* Header.swift in Sources */,
				55389B05235AA926001D41ED /* AppDelegate.swift in Sources */,
				55389B3D23653CED001D41ED /* Title.swift in Sources */,
				55389B07235AA926001D41ED /* SceneDelegate.swift in Sources */,
				55389B09235AA926001D41ED /* ContentView.swift in Sources */,
				55389B38235BF407001D41ED /* MyTrip.swift in Sources */,
				55389B3A23649AD4001D41ED /* Popular.swift in Sources */,
			);
			runOnlyForDeploymentPostprocessing = 0;
		};
		55389B13235AA928001D41ED /* Sources */ = {
			isa = PBXSourcesBuildPhase;
			buildActionMask = 2147483647;
			files = (
				55389B1C235AA928001D41ED /* tripdeerTests.swift in Sources */,
			);
			runOnlyForDeploymentPostprocessing = 0;
		};
		55389B1E235AA928001D41ED /* Sources */ = {
			isa = PBXSourcesBuildPhase;
			buildActionMask = 2147483647;
			files = (
				55389B27235AA928001D41ED /* tripdeerUITests.swift in Sources */,
			);
			runOnlyForDeploymentPostprocessing = 0;
		};
/* End PBXSourcesBuildPhase section */

/* Begin PBXTargetDependency section */
		55389B19235AA928001D41ED /* PBXTargetDependency */ = {
			isa = PBXTargetDependency;
			target = 55389B00235AA926001D41ED /* tripdeer */;
			targetProxy = 55389B18235AA928001D41ED /* PBXContainerItemProxy */;
		};
		55389B24235AA928001D41ED /* PBXTargetDependency */ = {
			isa = PBXTargetDependency;
			target = 55389B00235AA926001D41ED /* tripdeer */;
			targetProxy = 55389B23235AA928001D41ED /* PBXContainerItemProxy */;
		};
/* End PBXTargetDependency section */

/* Begin PBXVariantGroup section */
		55389B0F235AA928001D41ED /* LaunchScreen.storyboard */ = {
			isa = PBXVariantGroup;
			children = (
				55389B10235AA928001D41ED /* Base */,
			);
			name = LaunchScreen.storyboard;
			sourceTree = "<group>";
		};
/* End PBXVariantGroup section */

/* Begin XCBuildConfiguration section */
		55389B29235AA928001D41ED /* Debug */ = {
			isa = XCBuildConfiguration;
			buildSettings = {
				ALWAYS_SEARCH_USER_PATHS = NO;
				CLANG_ANALYZER_NONNULL = YES;
				CLANG_ANALYZER_NUMBER_OBJECT_CONVERSION = YES_AGGRESSIVE;
				CLANG_CXX_LANGUAGE_STANDARD = "gnu++14";
				CLANG_CXX_LIBRARY = "libc++";
				CLANG_ENABLE_MODULES = YES;
				CLANG_ENABLE_OBJC_ARC = YES;
				CLANG_ENABLE_OBJC_WEAK = YES;
				CLANG_WARN_BLOCK_CAPTURE_AUTORELEASING = YES;
				CLANG_WARN_BOOL_CONVERSION = YES;
				CLANG_WARN_COMMA = YES;
				CLANG_WARN_CONSTANT_CONVERSION = YES;
				CLANG_WARN_DEPRECATED_OBJC_IMPLEMENTATIONS = YES;
				CLANG_WARN_DIRECT_OBJC_ISA_USAGE = YES_ERROR;
				CLANG_WARN_DOCUMENTATION_COMMENTS = YES;
				CLANG_WARN_EMPTY_BODY = YES;
				CLANG_WARN_ENUM_CONVERSION = YES;
				CLANG_WARN_INFINITE_RECURSION = YES;
				CLANG_WARN_INT_CONVERSION = YES;
				CLANG_WARN_NON_LITERAL_NULL_CONVERSION = YES;
				CLANG_WARN_OBJC_IMPLICIT_RETAIN_SELF = YES;
				CLANG_WARN_OBJC_LITERAL_CONVERSION = YES;
				CLANG_WARN_OBJC_ROOT_CLASS = YES_ERROR;
				CLANG_WARN_RANGE_LOOP_ANALYSIS = YES;
				CLANG_WARN_STRICT_PROTOTYPES = YES;
				CLANG_WARN_SUSPICIOUS_MOVE = YES;
				CLANG_WARN_UNGUARDED_AVAILABILITY = YES_AGGRESSIVE;
				CLANG_WARN_UNREACHABLE_CODE = YES;
				CLANG_WARN__DUPLICATE_METHOD_MATCH = YES;
				COPY_PHASE_STRIP = NO;
				DEBUG_INFORMATION_FORMAT = dwarf;
				ENABLE_STRICT_OBJC_MSGSEND = YES;
				ENABLE_TESTABILITY = YES;
				GCC_C_LANGUAGE_STANDARD = gnu11;
				GCC_DYNAMIC_NO_PIC = NO;
				GCC_NO_COMMON_BLOCKS = YES;
				GCC_OPTIMIZATION_LEVEL = 0;
				GCC_PREPROCESSOR_DEFINITIONS = (
					"DEBUG=1",
					"$(inherited)",
				);
				GCC_WARN_64_TO_32_BIT_CONVERSION = YES;
				GCC_WARN_ABOUT_RETURN_TYPE = YES_ERROR;
				GCC_WARN_UNDECLARED_SELECTOR = YES;
				GCC_WARN_UNINITIALIZED_AUTOS = YES_AGGRESSIVE;
				GCC_WARN_UNUSED_FUNCTION = YES;
				GCC_WARN_UNUSED_VARIABLE = YES;
				IPHONEOS_DEPLOYMENT_TARGET = 13.1;
				MTL_ENABLE_DEBUG_INFO = INCLUDE_SOURCE;
				MTL_FAST_MATH = YES;
				ONLY_ACTIVE_ARCH = YES;
				SDKROOT = iphoneos;
				SWIFT_ACTIVE_COMPILATION_CONDITIONS = DEBUG;
				SWIFT_OPTIMIZATION_LEVEL = "-Onone";
			};
			name = Debug;
		};
		55389B2A235AA928001D41ED /* Release */ = {
			isa = XCBuildConfiguration;
			buildSettings = {
				ALWAYS_SEARCH_USER_PATHS = NO;
				CLANG_ANALYZER_NONNULL = YES;
				CLANG_ANALYZER_NUMBER_OBJECT_CONVERSION = YES_AGGRESSIVE;
				CLANG_CXX_LANGUAGE_STANDARD = "gnu++14";
				CLANG_CXX_LIBRARY = "libc++";
				CLANG_ENABLE_MODULES = YES;
				CLANG_ENABLE_OBJC_ARC = YES;
				CLANG_ENABLE_OBJC_WEAK = YES;
				CLANG_WARN_BLOCK_CAPTURE_AUTORELEASING = YES;
				CLANG_WARN_BOOL_CONVERSION = YES;
				CLANG_WARN_COMMA = YES;
				CLANG_WARN_CONSTANT_CONVERSION = YES;
				CLANG_WARN_DEPRECATED_OBJC_IMPLEMENTATIONS = YES;
				CLANG_WARN_DIRECT_OBJC_ISA_USAGE = YES_ERROR;
				CLANG_WARN_DOCUMENTATION_COMMENTS = YES;
				CLANG_WARN_EMPTY_BODY = YES;
				CLANG_WARN_ENUM_CONVERSION = YES;
				CLANG_WARN_INFINITE_RECURSION = YES;
				CLANG_WARN_INT_CONVERSION = YES;
				CLANG_WARN_NON_LITERAL_NULL_CONVERSION = YES;
				CLANG_WARN_OBJC_IMPLICIT_RETAIN_SELF = YES;
				CLANG_WARN_OBJC_LITERAL_CONVERSION = YES;
				CLANG_WARN_OBJC_ROOT_CLASS = YES_ERROR;
				CLANG_WARN_RANGE_LOOP_ANALYSIS = YES;
				CLANG_WARN_STRICT_PROTOTYPES = YES;
				CLANG_WARN_SUSPICIOUS_MOVE = YES;
				CLANG_WARN_UNGUARDED_AVAILABILITY = YES_AGGRESSIVE;
				CLANG_WARN_UNREACHABLE_CODE = YES;
				CLANG_WARN__DUPLICATE_METHOD_MATCH = YES;
				COPY_PHASE_STRIP = NO;
				DEBUG_INFORMATION_FORMAT = "dwarf-with-dsym";
				ENABLE_NS_ASSERTIONS = NO;
				ENABLE_STRICT_OBJC_MSGSEND = YES;
				GCC_C_LANGUAGE_STANDARD = gnu11;
				GCC_NO_COMMON_BLOCKS = YES;
				GCC_WARN_64_TO_32_BIT_CONVERSION = YES;
				GCC_WARN_ABOUT_RETURN_TYPE = YES_ERROR;
				GCC_WARN_UNDECLARED_SELECTOR = YES;
				GCC_WARN_UNINITIALIZED_AUTOS = YES_AGGRESSIVE;
				GCC_WARN_UNUSED_FUNCTION = YES;
				GCC_WARN_UNUSED_VARIABLE = YES;
				IPHONEOS_DEPLOYMENT_TARGET = 13.1;
				MTL_ENABLE_DEBUG_INFO = NO;
				MTL_FAST_MATH = YES;
				SDKROOT = iphoneos;
				SWIFT_COMPILATION_MODE = wholemodule;
				SWIFT_OPTIMIZATION_LEVEL = "-O";
				VALIDATE_PRODUCT = YES;
			};
			name = Release;
		};
		55389B2C235AA928001D41ED /* Debug */ = {
			isa = XCBuildConfiguration;
			buildSettings = {
				ASSETCATALOG_COMPILER_APPICON_NAME = AppIcon;
				CODE_SIGN_STYLE = Automatic;
				DEVELOPMENT_ASSET_PATHS = "\"tripdeer/Preview Content\"";
				DEVELOPMENT_TEAM = Y75FYDHX53;
				ENABLE_PREVIEWS = YES;
				INFOPLIST_FILE = tripdeer/Info.plist;
				LD_RUNPATH_SEARCH_PATHS = (
					"$(inherited)",
					"@executable_path/Frameworks",
				);
				PRODUCT_BUNDLE_IDENTIFIER = maxlibin.tripdeer;
				PRODUCT_NAME = "$(TARGET_NAME)";
				SWIFT_VERSION = 5.0;
				TARGETED_DEVICE_FAMILY = "1,2";
			};
			name = Debug;
		};
		55389B2D235AA928001D41ED /* Release */ = {
			isa = XCBuildConfiguration;
			buildSettings = {
				ASSETCATALOG_COMPILER_APPICON_NAME = AppIcon;
				CODE_SIGN_STYLE = Automatic;
				DEVELOPMENT_ASSET_PATHS = "\"tripdeer/Preview Content\"";
				DEVELOPMENT_TEAM = Y75FYDHX53;
				ENABLE_PREVIEWS = YES;
				INFOPLIST_FILE = tripdeer/Info.plist;
				LD_RUNPATH_SEARCH_PATHS = (
					"$(inherited)",
					"@executable_path/Frameworks",
				);
				PRODUCT_BUNDLE_IDENTIFIER = maxlibin.tripdeer;
				PRODUCT_NAME = "$(TARGET_NAME)";
				SWIFT_VERSION = 5.0;
				TARGETED_DEVICE_FAMILY = "1,2";
			};
			name = Release;
		};
		55389B2F235AA928001D41ED /* Debug */ = {
			isa = XCBuildConfiguration;
			buildSettings = {
				ALWAYS_EMBED_SWIFT_STANDARD_LIBRARIES = YES;
				BUNDLE_LOADER = "$(TEST_HOST)";
				CODE_SIGN_STYLE = Automatic;
				INFOPLIST_FILE = tripdeerTests/Info.plist;
				IPHONEOS_DEPLOYMENT_TARGET = 13.1;
				LD_RUNPATH_SEARCH_PATHS = (
					"$(inherited)",
					"@executable_path/Frameworks",
					"@loader_path/Frameworks",
				);
				PRODUCT_BUNDLE_IDENTIFIER = maxlibin.tripdeerTests;
				PRODUCT_NAME = "$(TARGET_NAME)";
				SWIFT_VERSION = 5.0;
				TARGETED_DEVICE_FAMILY = "1,2";
				TEST_HOST = "$(BUILT_PRODUCTS_DIR)/tripdeer.app/tripdeer";
			};
			name = Debug;
		};
		55389B30235AA928001D41ED /* Release */ = {
			isa = XCBuildConfiguration;
			buildSettings = {
				ALWAYS_EMBED_SWIFT_STANDARD_LIBRARIES = YES;
				BUNDLE_LOADER = "$(TEST_HOST)";
				CODE_SIGN_STYLE = Automatic;
				INFOPLIST_FILE = tripdeerTests/Info.plist;
				IPHONEOS_DEPLOYMENT_TARGET = 13.1;
				LD_RUNPATH_SEARCH_PATHS = (
					"$(inherited)",
					"@executable_path/Frameworks",
					"@loader_path/Frameworks",
				);
				PRODUCT_BUNDLE_IDENTIFIER = maxlibin.tripdeerTests;
				PRODUCT_NAME = "$(TARGET_NAME)";
				SWIFT_VERSION = 5.0;
				TARGETED_DEVICE_FAMILY = "1,2";
				TEST_HOST = "$(BUILT_PRODUCTS_DIR)/tripdeer.app/tripdeer";
			};
			name = Release;
		};
		55389B32235AA928001D41ED /* Debug */ = {
			isa = XCBuildConfiguration;
			buildSettings = {
				ALWAYS_EMBED_SWIFT_STANDARD_LIBRARIES = YES;
				CODE_SIGN_STYLE = Automatic;
				INFOPLIST_FILE = tripdeerUITests/Info.plist;
				LD_RUNPATH_SEARCH_PATHS = (
					"$(inherited)",
					"@executable_path/Frameworks",
					"@loader_path/Frameworks",
				);
				PRODUCT_BUNDLE_IDENTIFIER = maxlibin.tripdeerUITests;
				PRODUCT_NAME = "$(TARGET_NAME)";
				SWIFT_VERSION = 5.0;
				TARGETED_DEVICE_FAMILY = "1,2";
				TEST_TARGET_NAME = tripdeer;
			};
			name = Debug;
		};
		55389B33235AA928001D41ED /* Release */ = {
			isa = XCBuildConfiguration;
			buildSettings = {
				ALWAYS_EMBED_SWIFT_STANDARD_LIBRARIES = YES;
				CODE_SIGN_STYLE = Automatic;
				INFOPLIST_FILE = tripdeerUITests/Info.plist;
				LD_RUNPATH_SEARCH_PATHS = (
					"$(inherited)",
					"@executable_path/Frameworks",
					"@loader_path/Frameworks",
				);
				PRODUCT_BUNDLE_IDENTIFIER = maxlibin.tripdeerUITests;
				PRODUCT_NAME = "$(TARGET_NAME)";
				SWIFT_VERSION = 5.0;
				TARGETED_DEVICE_FAMILY = "1,2";
				TEST_TARGET_NAME = tripdeer;
			};
			name = Release;
		};
/* End XCBuildConfiguration section */

/* Begin XCConfigurationList section */
		55389AFC235AA926001D41ED /* Build configuration list for PBXProject "tripdeer" */ = {
			isa = XCConfigurationList;
			buildConfigurations = (
				55389B29235AA928001D41ED /* Debug */,
				55389B2A235AA928001D41ED /* Release */,
			);
			defaultConfigurationIsVisible = 0;
			defaultConfigurationName = Release;
		};
		55389B2B235AA928001D41ED /* Build configuration list for PBXNativeTarget "tripdeer" */ = {
			isa = XCConfigurationList;
			buildConfigurations = (
				55389B2C235AA928001D41ED /* Debug */,
				55389B2D235AA928001D41ED /* Release */,
			);
			defaultConfigurationIsVisible = 0;
			defaultConfigurationName = Release;
		};
		55389B2E235AA928001D41ED /* Build configuration list for PBXNativeTarget "tripdeerTests" */ = {
			isa = XCConfigurationList;
			buildConfigurations = (
				55389B2F235AA928001D41ED /* Debug */,
				55389B30235AA928001D41ED /* Release */,
			);
			defaultConfigurationIsVisible = 0;
			defaultConfigurationName = Release;
		};
		55389B31235AA928001D41ED /* Build configuration list for PBXNativeTarget "tripdeerUITests" */ = {
			isa = XCConfigurationList;
			buildConfigurations = (
				55389B32235AA928001D41ED /* Debug */,
				55389B33235AA928001D41ED /* Release */,
			);
			defaultConfigurationIsVisible = 0;
			defaultConfigurationName = Release;
		};
/* End XCConfigurationList section */
	};
	rootObject = 55389AF9235AA926001D41ED /* Project object */;
}
